
Microsoft Visual Studio Solution File, Format Version 12.00
# Visual Studio Version 17
VisualStudioVersion = 17.11.35327.3
MinimumVisualStudioVersion = 10.0.40219.1
Project("{FAE04EC0-301F-11D3-BF4B-00C04F79EFBC}") = "Calcule a área do triangulo", "Calcule a área do triangulo.csproj", "{5AAE20A8-798B-4D70-BEEC-0D2B4C681A9F}"
EndProject
Global
	GlobalSection(SolutionConfigurationPlatforms) = preSolution
		Debug|Any CPU = Debug|Any CPU
		Release|Any CPU = Release|Any CPU
	EndGlobalSection
	GlobalSection(ProjectConfigurationPlatforms) = postSolution
		{5AAE20A8-798B-4D70-BEEC-0D2B4C681A9F}.Debug|Any CPU.ActiveCfg = Debug|Any CPU
		{5AAE20A8-798B-4D70-BEEC-0D2B4C681A9F}.Debug|Any CPU.Build.0 = Debug|Any CPU
		{5AAE20A8-798B-4D70-BEEC-0D2B4C681A9F}.Release|Any CPU.ActiveCfg = Release|Any CPU
		{5AAE20A8-798B-4D70-BEEC-0D2B4C681A9F}.Release|Any CPU.Build.0 = Release|Any CPU
	EndGlobalSection
	GlobalSection(SolutionProperties) = preSolution
		HideSolutionNode = FALSE
	EndGlobalSection
	GlobalSection(ExtensibilityGlobals) = postSolution
		SolutionGuid = {2F91C6E0-98DD-4C50-A475-BDFC39286572}
	EndGlobalSection
EndGlobal
