
Microsoft Visual Studio Solution File, Format Version 12.00
# Visual Studio Version 17
VisualStudioVersion = 17.11.35327.3
MinimumVisualStudioVersion = 10.0.40219.1
Project("{FAE04EC0-301F-11D3-BF4B-00C04F79EFBC}") = "While Opções", "While Opções.csproj", "{A796C6C5-24E4-4772-91E8-B647161B0044}"
EndProject
Global
	GlobalSection(SolutionConfigurationPlatforms) = preSolution
		Debug|Any CPU = Debug|Any CPU
		Release|Any CPU = Release|Any CPU
	EndGlobalSection
	GlobalSection(ProjectConfigurationPlatforms) = postSolution
		{A796C6C5-24E4-4772-91E8-B647161B0044}.Debug|Any CPU.ActiveCfg = Debug|Any CPU
		{A796C6C5-24E4-4772-91E8-B647161B0044}.Debug|Any CPU.Build.0 = Debug|Any CPU
		{A796C6C5-24E4-4772-91E8-B647161B0044}.Release|Any CPU.ActiveCfg = Release|Any CPU
		{A796C6C5-24E4-4772-91E8-B647161B0044}.Release|Any CPU.Build.0 = Release|Any CPU
	EndGlobalSection
	GlobalSection(SolutionProperties) = preSolution
		HideSolutionNode = FALSE
	EndGlobalSection
	GlobalSection(ExtensibilityGlobals) = postSolution
		SolutionGuid = {5A786135-CBFF-42EF-873C-C1EDE53FAF84}
	EndGlobalSection
EndGlobal
