
Microsoft Visual Studio Solution File, Format Version 12.00
# Visual Studio Version 17
VisualStudioVersion = 17.11.35327.3
MinimumVisualStudioVersion = 10.0.40219.1
Project("{FAE04EC0-301F-11D3-BF4B-00C04F79EFBC}") = "Ex . Vetor", "Ex . Vetor.csproj", "{5225C753-6429-4AE5-8B1D-D919C4E3016C}"
EndProject
Global
	GlobalSection(SolutionConfigurationPlatforms) = preSolution
		Debug|Any CPU = Debug|Any CPU
		Release|Any CPU = Release|Any CPU
	EndGlobalSection
	GlobalSection(ProjectConfigurationPlatforms) = postSolution
		{5225C753-6429-4AE5-8B1D-D919C4E3016C}.Debug|Any CPU.ActiveCfg = Debug|Any CPU
		{5225C753-6429-4AE5-8B1D-D919C4E3016C}.Debug|Any CPU.Build.0 = Debug|Any CPU
		{5225C753-6429-4AE5-8B1D-D919C4E3016C}.Release|Any CPU.ActiveCfg = Release|Any CPU
		{5225C753-6429-4AE5-8B1D-D919C4E3016C}.Release|Any CPU.Build.0 = Release|Any CPU
	EndGlobalSection
	GlobalSection(SolutionProperties) = preSolution
		HideSolutionNode = FALSE
	EndGlobalSection
	GlobalSection(ExtensibilityGlobals) = postSolution
		SolutionGuid = {F3DA59A9-3F9A-402D-A268-BF2F9683E3B4}
	EndGlobalSection
EndGlobal
