
Microsoft Visual Studio Solution File, Format Version 12.00
# Visual Studio Version 17
VisualStudioVersion = 17.11.35327.3
MinimumVisualStudioVersion = 10.0.40219.1
Project("{FAE04EC0-301F-11D3-BF4B-00C04F79EFBC}") = "Teste de Vetores", "Teste de Vetores.csproj", "{CF943762-0A72-4C6C-8FA5-E04467A5EC84}"
EndProject
Global
	GlobalSection(SolutionConfigurationPlatforms) = preSolution
		Debug|Any CPU = Debug|Any CPU
		Release|Any CPU = Release|Any CPU
	EndGlobalSection
	GlobalSection(ProjectConfigurationPlatforms) = postSolution
		{CF943762-0A72-4C6C-8FA5-E04467A5EC84}.Debug|Any CPU.ActiveCfg = Debug|Any CPU
		{CF943762-0A72-4C6C-8FA5-E04467A5EC84}.Debug|Any CPU.Build.0 = Debug|Any CPU
		{CF943762-0A72-4C6C-8FA5-E04467A5EC84}.Release|Any CPU.ActiveCfg = Release|Any CPU
		{CF943762-0A72-4C6C-8FA5-E04467A5EC84}.Release|Any CPU.Build.0 = Release|Any CPU
	EndGlobalSection
	GlobalSection(SolutionProperties) = preSolution
		HideSolutionNode = FALSE
	EndGlobalSection
	GlobalSection(ExtensibilityGlobals) = postSolution
		SolutionGuid = {C6640023-12A1-4BF0-A72C-3BAD7A0ECEF4}
	EndGlobalSection
EndGlobal
