
Microsoft Visual Studio Solution File, Format Version 12.00
# Visual Studio Version 17
VisualStudioVersion = 17.11.35327.3
MinimumVisualStudioVersion = 10.0.40219.1
Project("{FAE04EC0-301F-11D3-BF4B-00C04F79EFBC}") = "Contador", "Contador.csproj", "{2C1A5FD2-2965-4333-9DDE-DECAFD6BFEB3}"
EndProject
Global
	GlobalSection(SolutionConfigurationPlatforms) = preSolution
		Debug|Any CPU = Debug|Any CPU
		Release|Any CPU = Release|Any CPU
	EndGlobalSection
	GlobalSection(ProjectConfigurationPlatforms) = postSolution
		{2C1A5FD2-2965-4333-9DDE-DECAFD6BFEB3}.Debug|Any CPU.ActiveCfg = Debug|Any CPU
		{2C1A5FD2-2965-4333-9DDE-DECAFD6BFEB3}.Debug|Any CPU.Build.0 = Debug|Any CPU
		{2C1A5FD2-2965-4333-9DDE-DECAFD6BFEB3}.Release|Any CPU.ActiveCfg = Release|Any CPU
		{2C1A5FD2-2965-4333-9DDE-DECAFD6BFEB3}.Release|Any CPU.Build.0 = Release|Any CPU
	EndGlobalSection
	GlobalSection(SolutionProperties) = preSolution
		HideSolutionNode = FALSE
	EndGlobalSection
	GlobalSection(ExtensibilityGlobals) = postSolution
		SolutionGuid = {C9689CD0-6A8E-44BC-AA25-3004C3C05D3A}
	EndGlobalSection
EndGlobal
