
Microsoft Visual Studio Solution File, Format Version 12.00
# Visual Studio Version 17
VisualStudioVersion = 17.11.35327.3
MinimumVisualStudioVersion = 10.0.40219.1
Project("{FAE04EC0-301F-11D3-BF4B-00C04F79EFBC}") = "Ex008", "Ex008.csproj", "{0E7B9DB5-11F7-41D7-8057-FB85E546B103}"
EndProject
Global
	GlobalSection(SolutionConfigurationPlatforms) = preSolution
		Debug|Any CPU = Debug|Any CPU
		Release|Any CPU = Release|Any CPU
	EndGlobalSection
	GlobalSection(ProjectConfigurationPlatforms) = postSolution
		{0E7B9DB5-11F7-41D7-8057-FB85E546B103}.Debug|Any CPU.ActiveCfg = Debug|Any CPU
		{0E7B9DB5-11F7-41D7-8057-FB85E546B103}.Debug|Any CPU.Build.0 = Debug|Any CPU
		{0E7B9DB5-11F7-41D7-8057-FB85E546B103}.Release|Any CPU.ActiveCfg = Release|Any CPU
		{0E7B9DB5-11F7-41D7-8057-FB85E546B103}.Release|Any CPU.Build.0 = Release|Any CPU
	EndGlobalSection
	GlobalSection(SolutionProperties) = preSolution
		HideSolutionNode = FALSE
	EndGlobalSection
	GlobalSection(ExtensibilityGlobals) = postSolution
		SolutionGuid = {CEC1A521-B55D-49E8-8BA2-6D6B98040BB1}
	EndGlobalSection
EndGlobal
